
Microsoft Visual Studio Solution File, Format Version 12.00
# Visual Studio 15
VisualStudioVersion = 15.0.28307.572
MinimumVisualStudioVersion = 10.0.40219.1
Project("{8BC9CEB8-8B4A-11D0-8D11-00A0C91BC942}") = "589Boilerplate", "589Boilerplate.vcxproj", "{B8EBAF49-6726-467B-AD64-016F37617764}"
EndProject
Global
	GlobalSection(SolutionConfigurationPlatforms) = preSolution
		Debug|x64 = Debug|x64
		Debug|x86 = Debug|x86
		Release|x64 = Release|x64
		Release|x86 = Release|x86
	EndGlobalSection
	GlobalSection(ProjectConfigurationPlatforms) = postSolution
		{B8EBAF49-6726-467B-AD64-016F37617764}.Debug|x64.ActiveCfg = Debug|x64
		{B8EBAF49-6726-467B-AD64-016F37617764}.Debug|x64.Build.0 = Debug|x64
		{B8EBAF49-6726-467B-AD64-016F37617764}.Debug|x86.ActiveCfg = Debug|Win32
		{B8EBAF49-6726-467B-AD64-016F37617764}.Debug|x86.Build.0 = Debug|Win32
		{B8EBAF49-6726-467B-AD64-016F37617764}.Release|x64.ActiveCfg = Release|x64
		{B8EBAF49-6726-467B-AD64-016F37617764}.Release|x64.Build.0 = Release|x64
		{B8EBAF49-6726-467B-AD64-016F37617764}.Release|x86.ActiveCfg = Release|Win32
		{B8EBAF49-6726-467B-AD64-016F37617764}.Release|x86.Build.0 = Release|Win32
	EndGlobalSection
	GlobalSection(SolutionProperties) = preSolution
		HideSolutionNode = FALSE
	EndGlobalSection
	GlobalSection(ExtensibilityGlobals) = postSolution
		SolutionGuid = {8CCCCA73-F2B5-4274-A77F-225F573CE88F}
	EndGlobalSection
EndGlobal
